// !$*UTF8*$!
{
	archiveVersion = 1;
	classes = {
	};
	objectVersion = 77;
	objects = {

/* Begin PBXContainerItemProxy section */
		042C23A62CC69BFD00F41AFC /* PBXContainerItemProxy */ = {
			isa = PBXContainerItemProxy;
			containerPortal = 042C238D2CC69BFC00F41AFC /* Project object */;
			proxyType = 1;
			remoteGlobalIDString = 042C23942CC69BFC00F41AFC;
			remoteInfo = "test 2 app";
		};
		042C23B02CC69BFD00F41AFC /* PBXContainerItemProxy */ = {
			isa = PBXContainerItemProxy;
			containerPortal = 042C238D2CC69BFC00F41AFC /* Project object */;
			proxyType = 1;
			remoteGlobalIDString = 042C23942CC69BFC00F41AFC;
			remoteInfo = "test 2 app";
		};
/* End PBXContainerItemProxy section */

/* Begin PBXFileReference section */
		042C23952CC69BFC00F41AFC /* test 2 app.app */ = {isa = PBXFileReference; explicitFileType = wrapper.application; includeInIndex = 0; path = "test 2 app.app"; sourceTree = BUILT_PRODUCTS_DIR; };
		042C23A52CC69BFD00F41AFC /* test 2 appTests.xctest */ = {isa = PBXFileReference; explicitFileType = wrapper.cfbundle; includeInIndex = 0; path = "test 2 appTests.xctest"; sourceTree = BUILT_PRODUCTS_DIR; };
		042C23AF2CC69BFD00F41AFC /* test 2 appUITests.xctest */ = {isa = PBXFileReference; explicitFileType = wrapper.cfbundle; includeInIndex = 0; path = "test 2 appUITests.xctest"; sourceTree = BUILT_PRODUCTS_DIR; };
/* End PBXFileReference section */

/* Begin PBXFileSystemSynchronizedRootGroup section */
		042C23972CC69BFC00F41AFC /* test 2 app */ = {
			isa = PBXFileSystemSynchronizedRootGroup;
			path = "test 2 app";
			sourceTree = "<group>";
		};
		042C23A82CC69BFD00F41AFC /* test 2 appTests */ = {
			isa = PBXFileSystemSynchronizedRootGroup;
			path = "test 2 appTests";
			sourceTree = "<group>";
		};
		042C23B22CC69BFD00F41AFC /* test 2 appUITests */ = {
			isa = PBXFileSystemSynchronizedRootGroup;
			path = "test 2 appUITests";
			sourceTree = "<group>";
		};
		042C23E22CC69C2200F41AFC /* Daily Learn */ = {
			isa = PBXFileSystemSynchronizedRootGroup;
			path = "Daily Learn";
			sourceTree = "<group>";
		};
/* End PBXFileSystemSynchronizedRootGroup section */

/* Begin PBXFrameworksBuildPhase section */
		042C23922CC69BFC00F41AFC /* Frameworks */ = {
			isa = PBXFrameworksBuildPhase;
			buildActionMask = 2147483647;
			files = (
			);
			runOnlyForDeploymentPostprocessing = 0;
		};
		042C23A22CC69BFD00F41AFC /* Frameworks */ = {
			isa = PBXFrameworksBuildPhase;
			buildActionMask = 2147483647;
			files = (
			);
			runOnlyForDeploymentPostprocessing = 0;
		};
		042C23AC2CC69BFD00F41AFC /* Frameworks */ = {
			isa = PBXFrameworksBuildPhase;
			buildActionMask = 2147483647;
			files = (
			);
			runOnlyForDeploymentPostprocessing = 0;
		};
/* End PBXFrameworksBuildPhase section */

/* Begin PBXGroup section */
		042C238C2CC69BFC00F41AFC = {
			isa = PBXGroup;
			children = (
				042C23E22CC69C2200F41AFC /* Daily Learn */,
				042C23972CC69BFC00F41AFC /* test 2 app */,
				042C23A82CC69BFD00F41AFC /* test 2 appTests */,
				042C23B22CC69BFD00F41AFC /* test 2 appUITests */,
				042C23962CC69BFC00F41AFC /* Products */,
			);
			sourceTree = "<group>";
		};
		042C23962CC69BFC00F41AFC /* Products */ = {
			isa = PBXGroup;
			children = (
				042C23952CC69BFC00F41AFC /* test 2 app.app */,
				042C23A52CC69BFD00F41AFC /* test 2 appTests.xctest */,
				042C23AF2CC69BFD00F41AFC /* test 2 appUITests.xctest */,
			);
			name = Products;
			sourceTree = "<group>";
		};
/* End PBXGroup section */

/* Begin PBXNativeTarget section */
		042C23942CC69BFC00F41AFC /* test 2 app */ = {
			isa = PBXNativeTarget;
			buildConfigurationList = 042C23B92CC69BFD00F41AFC /* Build configuration list for PBXNativeTarget "test 2 app" */;
			buildPhases = (
				042C23912CC69BFC00F41AFC /* Sources */,
				042C23922CC69BFC00F41AFC /* Frameworks */,
				042C23932CC69BFC00F41AFC /* Resources */,
			);
			buildRules = (
			);
			dependencies = (
			);
			fileSystemSynchronizedGroups = (
				042C23972CC69BFC00F41AFC /* test 2 app */,
				042C23E22CC69C2200F41AFC /* Daily Learn */,
			);
			name = "test 2 app";
			packageProductDependencies = (
			);
			productName = "test 2 app";
			productReference = 042C23952CC69BFC00F41AFC /* test 2 app.app */;
			productType = "com.apple.product-type.application";
		};
		042C23A42CC69BFD00F41AFC /* test 2 appTests */ = {
			isa = PBXNativeTarget;
			buildConfigurationList = 042C23BC2CC69BFD00F41AFC /* Build configuration list for PBXNativeTarget "test 2 appTests" */;
			buildPhases = (
				042C23A12CC69BFD00F41AFC /* Sources */,
				042C23A22CC69BFD00F41AFC /* Frameworks */,
				042C23A32CC69BFD00F41AFC /* Resources */,
			);
			buildRules = (
			);
			dependencies = (
				042C23A72CC69BFD00F41AFC /* PBXTargetDependency */,
			);
			fileSystemSynchronizedGroups = (
				042C23A82CC69BFD00F41AFC /* test 2 appTests */,
			);
			name = "test 2 appTests";
			packageProductDependencies = (
			);
			productName = "test 2 appTests";
			productReference = 042C23A52CC69BFD00F41AFC /* test 2 appTests.xctest */;
			productType = "com.apple.product-type.bundle.unit-test";
		};
		042C23AE2CC69BFD00F41AFC /* test 2 appUITests */ = {
			isa = PBXNativeTarget;
			buildConfigurationList = 042C23BF2CC69BFD00F41AFC /* Build configuration list for PBXNativeTarget "test 2 appUITests" */;
			buildPhases = (
				042C23AB2CC69BFD00F41AFC /* Sources */,
				042C23AC2CC69BFD00F41AFC /* Frameworks */,
				042C23AD2CC69BFD00F41AFC /* Resources */,
			);
			buildRules = (
			);
			dependencies = (
				042C23B12CC69BFD00F41AFC /* PBXTargetDependency */,
			);
			fileSystemSynchronizedGroups = (
				042C23B22CC69BFD00F41AFC /* test 2 appUITests */,
			);
			name = "test 2 appUITests";
			packageProductDependencies = (
			);
			productName = "test 2 appUITests";
			productReference = 042C23AF2CC69BFD00F41AFC /* test 2 appUITests.xctest */;
			productType = "com.apple.product-type.bundle.ui-testing";
		};
/* End PBXNativeTarget section */

/* Begin PBXProject section */
		042C238D2CC69BFC00F41AFC /* Project object */ = {
			isa = PBXProject;
			attributes = {
				BuildIndependentTargetsInParallel = 1;
				LastSwiftUpdateCheck = 1600;
				LastUpgradeCheck = 1600;
				TargetAttributes = {
					042C23942CC69BFC00F41AFC = {
						CreatedOnToolsVersion = 16.0;
					};
					042C23A42CC69BFD00F41AFC = {
						CreatedOnToolsVersion = 16.0;
						TestTargetID = 042C23942CC69BFC00F41AFC;
					};
					042C23AE2CC69BFD00F41AFC = {
						CreatedOnToolsVersion = 16.0;
						TestTargetID = 042C23942CC69BFC00F41AFC;
					};
				};
			};
			buildConfigurationList = 042C23902CC69BFC00F41AFC /* Build configuration list for PBXProject "test 2 app" */;
			developmentRegion = en;
			hasScannedForEncodings = 0;
			knownRegions = (
				en,
				Base,
			);
			mainGroup = 042C238C2CC69BFC00F41AFC;
			minimizedProjectReferenceProxies = 1;
			preferredProjectObjectVersion = 77;
			productRefGroup = 042C23962CC69BFC00F41AFC /* Products */;
			projectDirPath = "";
			projectRoot = "";
			targets = (
				042C23942CC69BFC00F41AFC /* test 2 app */,
				042C23A42CC69BFD00F41AFC /* test 2 appTests */,
				042C23AE2CC69BFD00F41AFC /* test 2 appUITests */,
			);
		};
/* End PBXProject section */

/* Begin PBXResourcesBuildPhase section */
		042C23932CC69BFC00F41AFC /* Resources */ = {
			isa = PBXResourcesBuildPhase;
			buildActionMask = 2147483647;
			files = (
			);
			runOnlyForDeploymentPostprocessing = 0;
		};
		042C23A32CC69BFD00F41AFC /* Resources */ = {
			isa = PBXResourcesBuildPhase;
			buildActionMask = 2147483647;
			files = (
			);
			runOnlyForDeploymentPostprocessing = 0;
		};
		042C23AD2CC69BFD00F41AFC /* Resources */ = {
			isa = PBXResourcesBuildPhase;
			buildActionMask = 2147483647;
			files = (
			);
			runOnlyForDeploymentPostprocessing = 0;
		};
/* End PBXResourcesBuildPhase section */

/* Begin PBXSourcesBuildPhase section */
		042C23912CC69BFC00F41AFC /* Sources */ = {
			isa = PBXSourcesBuildPhase;
			buildActionMask = 2147483647;
			files = (
			);
			runOnlyForDeploymentPostprocessing = 0;
		};
		042C23A12CC69BFD00F41AFC /* Sources */ = {
			isa = PBXSourcesBuildPhase;
			buildActionMask = 2147483647;
			files = (
			);
			runOnlyForDeploymentPostprocessing = 0;
		};
		042C23AB2CC69BFD00F41AFC /* Sources */ = {
			isa = PBXSourcesBuildPhase;
			buildActionMask = 2147483647;
			files = (
			);
			runOnlyForDeploymentPostprocessing = 0;
		};
/* End PBXSourcesBuildPhase section */

/* Begin PBXTargetDependency section */
		042C23A72CC69BFD00F41AFC /* PBXTargetDependency */ = {
			isa = PBXTargetDependency;
			target = 042C23942CC69BFC00F41AFC /* test 2 app */;
			targetProxy = 042C23A62CC69BFD00F41AFC /* PBXContainerItemProxy */;
		};
		042C23B12CC69BFD00F41AFC /* PBXTargetDependency */ = {
			isa = PBXTargetDependency;
			target = 042C23942CC69BFC00F41AFC /* test 2 app */;
			targetProxy = 042C23B02CC69BFD00F41AFC /* PBXContainerItemProxy */;
		};
/* End PBXTargetDependency section */

/* Begin XCBuildConfiguration section */
		042C23B72CC69BFD00F41AFC /* Debug */ = {
			isa = XCBuildConfiguration;
			buildSettings = {
				ALWAYS_SEARCH_USER_PATHS = NO;
				ASSETCATALOG_COMPILER_GENERATE_SWIFT_ASSET_SYMBOL_EXTENSIONS = YES;
				CLANG_ANALYZER_NONNULL = YES;
				CLANG_ANALYZER_NUMBER_OBJECT_CONVERSION = YES_AGGRESSIVE;
				CLANG_CXX_LANGUAGE_STANDARD = "gnu++20";
				CLANG_ENABLE_MODULES = YES;
				CLANG_ENABLE_OBJC_ARC = YES;
				CLANG_ENABLE_OBJC_WEAK = YES;
				CLANG_WARN_BLOCK_CAPTURE_AUTORELEASING = YES;
				CLANG_WARN_BOOL_CONVERSION = YES;
				CLANG_WARN_COMMA = YES;
				CLANG_WARN_CONSTANT_CONVERSION = YES;
				CLANG_WARN_DEPRECATED_OBJC_IMPLEMENTATIONS = YES;
				CLANG_WARN_DIRECT_OBJC_ISA_USAGE = YES_ERROR;
				CLANG_WARN_DOCUMENTATION_COMMENTS = YES;
				CLANG_WARN_EMPTY_BODY = YES;
				CLANG_WARN_ENUM_CONVERSION = YES;
				CLANG_WARN_INFINITE_RECURSION = YES;
				CLANG_WARN_INT_CONVERSION = YES;
				CLANG_WARN_NON_LITERAL_NULL_CONVERSION = YES;
				CLANG_WARN_OBJC_IMPLICIT_RETAIN_SELF = YES;
				CLANG_WARN_OBJC_LITERAL_CONVERSION = YES;
				CLANG_WARN_OBJC_ROOT_CLASS = YES_ERROR;
				CLANG_WARN_QUOTED_INCLUDE_IN_FRAMEWORK_HEADER = YES;
				CLANG_WARN_RANGE_LOOP_ANALYSIS = YES;
				CLANG_WARN_STRICT_PROTOTYPES = YES;
				CLANG_WARN_SUSPICIOUS_MOVE = YES;
				CLANG_WARN_UNGUARDED_AVAILABILITY = YES_AGGRESSIVE;
				CLANG_WARN_UNREACHABLE_CODE = YES;
				CLANG_WARN__DUPLICATE_METHOD_MATCH = YES;
				COPY_PHASE_STRIP = NO;
				DEBUG_INFORMATION_FORMAT = dwarf;
				ENABLE_STRICT_OBJC_MSGSEND = YES;
				ENABLE_TESTABILITY = YES;
				ENABLE_USER_SCRIPT_SANDBOXING = YES;
				GCC_C_LANGUAGE_STANDARD = gnu17;
				GCC_DYNAMIC_NO_PIC = NO;
				GCC_NO_COMMON_BLOCKS = YES;
				GCC_OPTIMIZATION_LEVEL = 0;
				GCC_PREPROCESSOR_DEFINITIONS = (
					"DEBUG=1",
					"$(inherited)",
				);
				GCC_WARN_64_TO_32_BIT_CONVERSION = YES;
				GCC_WARN_ABOUT_RETURN_TYPE = YES_ERROR;
				GCC_WARN_UNDECLARED_SELECTOR = YES;
				GCC_WARN_UNINITIALIZED_AUTOS = YES_AGGRESSIVE;
				GCC_WARN_UNUSED_FUNCTION = YES;
				GCC_WARN_UNUSED_VARIABLE = YES;
				IPHONEOS_DEPLOYMENT_TARGET = 18.0;
				LOCALIZATION_PREFERS_STRING_CATALOGS = YES;
				MTL_ENABLE_DEBUG_INFO = INCLUDE_SOURCE;
				MTL_FAST_MATH = YES;
				ONLY_ACTIVE_ARCH = YES;
				SDKROOT = iphoneos;
				SWIFT_ACTIVE_COMPILATION_CONDITIONS = "DEBUG $(inherited)";
				SWIFT_OPTIMIZATION_LEVEL = "-Onone";
			};
			name = Debug;
		};
		042C23B82CC69BFD00F41AFC /* Release */ = {
			isa = XCBuildConfiguration;
			buildSettings = {
				ALWAYS_SEARCH_USER_PATHS = NO;
				ASSETCATALOG_COMPILER_GENERATE_SWIFT_ASSET_SYMBOL_EXTENSIONS = YES;
				CLANG_ANALYZER_NONNULL = YES;
				CLANG_ANALYZER_NUMBER_OBJECT_CONVERSION = YES_AGGRESSIVE;
				CLANG_CXX_LANGUAGE_STANDARD = "gnu++20";
				CLANG_ENABLE_MODULES = YES;
				CLANG_ENABLE_OBJC_ARC = YES;
				CLANG_ENABLE_OBJC_WEAK = YES;
				CLANG_WARN_BLOCK_CAPTURE_AUTORELEASING = YES;
				CLANG_WARN_BOOL_CONVERSION = YES;
				CLANG_WARN_COMMA = YES;
				CLANG_WARN_CONSTANT_CONVERSION = YES;
				CLANG_WARN_DEPRECATED_OBJC_IMPLEMENTATIONS = YES;
				CLANG_WARN_DIRECT_OBJC_ISA_USAGE = YES_ERROR;
				CLANG_WARN_DOCUMENTATION_COMMENTS = YES;
				CLANG_WARN_EMPTY_BODY = YES;
				CLANG_WARN_ENUM_CONVERSION = YES;
				CLANG_WARN_INFINITE_RECURSION = YES;
				CLANG_WARN_INT_CONVERSION = YES;
				CLANG_WARN_NON_LITERAL_NULL_CONVERSION = YES;
				CLANG_WARN_OBJC_IMPLICIT_RETAIN_SELF = YES;
				CLANG_WARN_OBJC_LITERAL_CONVERSION = YES;
				CLANG_WARN_OBJC_ROOT_CLASS = YES_ERROR;
				CLANG_WARN_QUOTED_INCLUDE_IN_FRAMEWORK_HEADER = YES;
				CLANG_WARN_RANGE_LOOP_ANALYSIS = YES;
				CLANG_WARN_STRICT_PROTOTYPES = YES;
				CLANG_WARN_SUSPICIOUS_MOVE = YES;
				CLANG_WARN_UNGUARDED_AVAILABILITY = YES_AGGRESSIVE;
				CLANG_WARN_UNREACHABLE_CODE = YES;
				CLANG_WARN__DUPLICATE_METHOD_MATCH = YES;
				COPY_PHASE_STRIP = NO;
				DEBUG_INFORMATION_FORMAT = "dwarf-with-dsym";
				ENABLE_NS_ASSERTIONS = NO;
				ENABLE_STRICT_OBJC_MSGSEND = YES;
				ENABLE_USER_SCRIPT_SANDBOXING = YES;
				GCC_C_LANGUAGE_STANDARD = gnu17;
				GCC_NO_COMMON_BLOCKS = YES;
				GCC_WARN_64_TO_32_BIT_CONVERSION = YES;
				GCC_WARN_ABOUT_RETURN_TYPE = YES_ERROR;
				GCC_WARN_UNDECLARED_SELECTOR = YES;
				GCC_WARN_UNINITIALIZED_AUTOS = YES_AGGRESSIVE;
				GCC_WARN_UNUSED_FUNCTION = YES;
				GCC_WARN_UNUSED_VARIABLE = YES;
				IPHONEOS_DEPLOYMENT_TARGET = 18.0;
				LOCALIZATION_PREFERS_STRING_CATALOGS = YES;
				MTL_ENABLE_DEBUG_INFO = NO;
				MTL_FAST_MATH = YES;
				SDKROOT = iphoneos;
				SWIFT_COMPILATION_MODE = wholemodule;
				VALIDATE_PRODUCT = YES;
			};
			name = Release;
		};
		042C23BA2CC69BFD00F41AFC /* Debug */ = {
			isa = XCBuildConfiguration;
			buildSettings = {
				ASSETCATALOG_COMPILER_APPICON_NAME = AppIcon;
				ASSETCATALOG_COMPILER_GLOBAL_ACCENT_COLOR_NAME = AccentColor;
				CODE_SIGN_STYLE = Automatic;
				CURRENT_PROJECT_VERSION = 1;
				DEVELOPMENT_ASSET_PATHS = "\"test 2 app/Preview Content\"";
				DEVELOPMENT_TEAM = 4YKT79LQH9;
				ENABLE_PREVIEWS = YES;
				GENERATE_INFOPLIST_FILE = YES;
				INFOPLIST_FILE = "test-2-app-Info.plist";
				INFOPLIST_KEY_CFBundleDisplayName = "Daily Learn";
				INFOPLIST_KEY_LSApplicationCategoryType = "public.app-category.education";
				INFOPLIST_KEY_UIApplicationSceneManifest_Generation = YES;
				INFOPLIST_KEY_UIApplicationSupportsIndirectInputEvents = YES;
				INFOPLIST_KEY_UILaunchScreen_Generation = YES;
				INFOPLIST_KEY_UISupportedInterfaceOrientations = UIInterfaceOrientationPortrait;
				INFOPLIST_KEY_UISupportedInterfaceOrientations_iPad = "UIInterfaceOrientationLandscapeLeft UIInterfaceOrientationLandscapeRight UIInterfaceOrientationPortrait UIInterfaceOrientationPortraitUpsideDown";
				IPHONEOS_DEPLOYMENT_TARGET = 15.6;
				LD_RUNPATH_SEARCH_PATHS = (
					"$(inherited)",
					"@executable_path/Frameworks",
				);
				MARKETING_VERSION = 3;
				PRODUCT_BUNDLE_IDENTIFIER = "jack-white.Daily-Learn";
				PRODUCT_NAME = "$(TARGET_NAME)";
				SWIFT_EMIT_LOC_STRINGS = YES;
				SWIFT_VERSION = 5.0;
				TARGETED_DEVICE_FAMILY = "1,2";
			};
			name = Debug;
		};
		042C23BB2CC69BFD00F41AFC /* Release */ = {
			isa = XCBuildConfiguration;
			buildSettings = {
				ASSETCATALOG_COMPILER_APPICON_NAME = AppIcon;
				ASSETCATALOG_COMPILER_GLOBAL_ACCENT_COLOR_NAME = AccentColor;
				CODE_SIGN_STYLE = Automatic;
				CURRENT_PROJECT_VERSION = 1;
				DEVELOPMENT_ASSET_PATHS = "\"test 2 app/Preview Content\"";
				DEVELOPMENT_TEAM = 4YKT79LQH9;
				ENABLE_PREVIEWS = YES;
				GENERATE_INFOPLIST_FILE = YES;
				INFOPLIST_FILE = "test-2-app-Info.plist";
				INFOPLIST_KEY_CFBundleDisplayName = "Daily Learn";
				INFOPLIST_KEY_LSApplicationCategoryType = "public.app-category.education";
				INFOPLIST_KEY_UIApplicationSceneManifest_Generation = YES;
				INFOPLIST_KEY_UIApplicationSupportsIndirectInputEvents = YES;
				INFOPLIST_KEY_UILaunchScreen_Generation = YES;
				INFOPLIST_KEY_UISupportedInterfaceOrientations = UIInterfaceOrientationPortrait;
				INFOPLIST_KEY_UISupportedInterfaceOrientations_iPad = "UIInterfaceOrientationLandscapeLeft UIInterfaceOrientationLandscapeRight UIInterfaceOrientationPortrait UIInterfaceOrientationPortraitUpsideDown";
				IPHONEOS_DEPLOYMENT_TARGET = 15.6;
				LD_RUNPATH_SEARCH_PATHS = (
					"$(inherited)",
					"@executable_path/Frameworks",
				);
				MARKETING_VERSION = 3;
				PRODUCT_BUNDLE_IDENTIFIER = "jack-white.Daily-Learn";
				PRODUCT_NAME = "$(TARGET_NAME)";
				SWIFT_EMIT_LOC_STRINGS = YES;
				SWIFT_VERSION = 5.0;
				TARGETED_DEVICE_FAMILY = "1,2";
			};
			name = Release;
		};
		042C23BD2CC69BFD00F41AFC /* Debug */ = {
			isa = XCBuildConfiguration;
			buildSettings = {
				BUNDLE_LOADER = "$(TEST_HOST)";
				CODE_SIGN_STYLE = Automatic;
				CURRENT_PROJECT_VERSION = 1;
				DEVELOPMENT_TEAM = 4YKT79LQH9;
				GENERATE_INFOPLIST_FILE = YES;
				IPHONEOS_DEPLOYMENT_TARGET = 15.6;
				MARKETING_VERSION = 1.0;
				PRODUCT_BUNDLE_IDENTIFIER = "jack-white.test-2-appTests";
				PRODUCT_NAME = "$(TARGET_NAME)";
				SWIFT_EMIT_LOC_STRINGS = NO;
				SWIFT_VERSION = 5.0;
				TARGETED_DEVICE_FAMILY = "1,2";
				TEST_HOST = "$(BUILT_PRODUCTS_DIR)/test 2 app.app/$(BUNDLE_EXECUTABLE_FOLDER_PATH)/test 2 app";
			};
			name = Debug;
		};
		042C23BE2CC69BFD00F41AFC /* Release */ = {
			isa = XCBuildConfiguration;
			buildSettings = {
				BUNDLE_LOADER = "$(TEST_HOST)";
				CODE_SIGN_STYLE = Automatic;
				CURRENT_PROJECT_VERSION = 1;
				DEVELOPMENT_TEAM = 4YKT79LQH9;
				GENERATE_INFOPLIST_FILE = YES;
				IPHONEOS_DEPLOYMENT_TARGET = 15.6;
				MARKETING_VERSION = 1.0;
				PRODUCT_BUNDLE_IDENTIFIER = "jack-white.test-2-appTests";
				PRODUCT_NAME = "$(TARGET_NAME)";
				SWIFT_EMIT_LOC_STRINGS = NO;
				SWIFT_VERSION = 5.0;
				TARGETED_DEVICE_FAMILY = "1,2";
				TEST_HOST = "$(BUILT_PRODUCTS_DIR)/test 2 app.app/$(BUNDLE_EXECUTABLE_FOLDER_PATH)/test 2 app";
			};
			name = Release;
		};
		042C23C02CC69BFD00F41AFC /* Debug */ = {
			isa = XCBuildConfiguration;
			buildSettings = {
				CODE_SIGN_STYLE = Automatic;
				CURRENT_PROJECT_VERSION = 1;
				DEVELOPMENT_TEAM = 4YKT79LQH9;
				GENERATE_INFOPLIST_FILE = YES;
				IPHONEOS_DEPLOYMENT_TARGET = 15.6;
				MARKETING_VERSION = 1.0;
				PRODUCT_BUNDLE_IDENTIFIER = "jack-white.test-2-appUITests";
				PRODUCT_NAME = "$(TARGET_NAME)";
				SWIFT_EMIT_LOC_STRINGS = NO;
				SWIFT_VERSION = 5.0;
				TARGETED_DEVICE_FAMILY = "1,2";
				TEST_TARGET_NAME = "test 2 app";
			};
			name = Debug;
		};
		042C23C12CC69BFD00F41AFC /* Release */ = {
			isa = XCBuildConfiguration;
			buildSettings = {
				CODE_SIGN_STYLE = Automatic;
				CURRENT_PROJECT_VERSION = 1;
				DEVELOPMENT_TEAM = 4YKT79LQH9;
				GENERATE_INFOPLIST_FILE = YES;
				IPHONEOS_DEPLOYMENT_TARGET = 15.6;
				MARKETING_VERSION = 1.0;
				PRODUCT_BUNDLE_IDENTIFIER = "jack-white.test-2-appUITests";
				PRODUCT_NAME = "$(TARGET_NAME)";
				SWIFT_EMIT_LOC_STRINGS = NO;
				SWIFT_VERSION = 5.0;
				TARGETED_DEVICE_FAMILY = "1,2";
				TEST_TARGET_NAME = "test 2 app";
			};
			name = Release;
		};
/* End XCBuildConfiguration section */

/* Begin XCConfigurationList section */
		042C23902CC69BFC00F41AFC /* Build configuration list for PBXProject "test 2 app" */ = {
			isa = XCConfigurationList;
			buildConfigurations = (
				042C23B72CC69BFD00F41AFC /* Debug */,
				042C23B82CC69BFD00F41AFC /* Release */,
			);
			defaultConfigurationIsVisible = 0;
			defaultConfigurationName = Release;
		};
		042C23B92CC69BFD00F41AFC /* Build configuration list for PBXNativeTarget "test 2 app" */ = {
			isa = XCConfigurationList;
			buildConfigurations = (
				042C23BA2CC69BFD00F41AFC /* Debug */,
				042C23BB2CC69BFD00F41AFC /* Release */,
			);
			defaultConfigurationIsVisible = 0;
			defaultConfigurationName = Release;
		};
		042C23BC2CC69BFD00F41AFC /* Build configuration list for PBXNativeTarget "test 2 appTests" */ = {
			isa = XCConfigurationList;
			buildConfigurations = (
				042C23BD2CC69BFD00F41AFC /* Debug */,
				042C23BE2CC69BFD00F41AFC /* Release */,
			);
			defaultConfigurationIsVisible = 0;
			defaultConfigurationName = Release;
		};
		042C23BF2CC69BFD00F41AFC /* Build configuration list for PBXNativeTarget "test 2 appUITests" */ = {
			isa = XCConfigurationList;
			buildConfigurations = (
				042C23C02CC69BFD00F41AFC /* Debug */,
				042C23C12CC69BFD00F41AFC /* Release */,
			);
			defaultConfigurationIsVisible = 0;
			defaultConfigurationName = Release;
		};
/* End XCConfigurationList section */
	};
	rootObject = 042C238D2CC69BFC00F41AFC /* Project object */;
}
